
Microsoft Visual Studio Solution File, Format Version 12.00
# Visual Studio Version 17
VisualStudioVersion = 17.0.32126.317
MinimumVisualStudioVersion = 10.0.40219.1
Project("{FAE04EC0-301F-11D3-BF4B-00C04F79EFBC}") = "Assembly-CSharp", "Assembly-CSharp.csproj", "{199791F6-B2C0-6170-BBCB-71C87F5FDEF0}"
EndProject
Global
	GlobalSection(SolutionConfigurationPlatforms) = preSolution
		Debug|Any CPU = Debug|Any CPU
		Release|Any CPU = Release|Any CPU
	EndGlobalSection
	GlobalSection(ProjectConfigurationPlatforms) = postSolution
		{199791F6-B2C0-6170-BBCB-71C87F5FDEF0}.Debug|Any CPU.ActiveCfg = Debug|Any CPU
		{199791F6-B2C0-6170-BBCB-71C87F5FDEF0}.Debug|Any CPU.Build.0 = Debug|Any CPU
		{199791F6-B2C0-6170-BBCB-71C87F5FDEF0}.Release|Any CPU.ActiveCfg = Release|Any CPU
		{199791F6-B2C0-6170-BBCB-71C87F5FDEF0}.Release|Any CPU.Build.0 = Release|Any CPU
	EndGlobalSection
	GlobalSection(SolutionProperties) = preSolution
		HideSolutionNode = FALSE
	EndGlobalSection
	GlobalSection(ExtensibilityGlobals) = postSolution
		SolutionGuid = {9EA2F8BC-4ED6-4F29-9F9A-F736A436C2C5}
	EndGlobalSection
EndGlobal
